{
  "name": "@across/autopilot",
  "version": "0.2.7",
  "lockfileVersion": 3,
  "requires": true,
  "packages": {
    "": {
      "name": "@across/autopilot",
      "version": "0.2.7",
      "license": "MIT",
      "bin": {
        "across-autopilot": "src/cli.js"
      },
      "engines": {
        "node": ">=20"
      }
    }
  }
}
