{
  "name": "@across/autopilot",
  "version": "0.6.0",
  "lockfileVersion": 3,
  "requires": true,
  "packages": {
    "": {
      "name": "@across/autopilot",
      "version": "0.6.0",
      "license": "MIT",
      "bin": {
        "across-autopilot": "src/cli.js",
        "across-scenario-simulation": "src/scenario-simulation.js"
      },
      "engines": {
        "node": ">=20"
      }
    }
  }
}
